
Microsoft Visual Studio Solution File, Format Version 12.00
# Visual Studio 15
VisualStudioVersion = 15.0.28307.329
MinimumVisualStudioVersion = 10.0.40219.1
Project("{FAE04EC0-301F-11D3-BF4B-00C04F79EFBC}") = "LaraAlvaroProjectA", "LaraAlvaroProjectA.csproj", "{623AC3BB-2143-4737-82A4-DA25881E661C}"
EndProject
Project("{54435603-DBB4-11D2-8724-00A0C9A8B90C}") = "College Connections", "College Connections\College Connections.vdproj", "{EFCBF875-C91C-4DA4-B093-5FABA1B85F66}"
EndProject
Global
	GlobalSection(SolutionConfigurationPlatforms) = preSolution
		Debug|Any CPU = Debug|Any CPU
		Release|Any CPU = Release|Any CPU
	EndGlobalSection
	GlobalSection(ProjectConfigurationPlatforms) = postSolution
		{623AC3BB-2143-4737-82A4-DA25881E661C}.Debug|Any CPU.ActiveCfg = Debug|Any CPU
		{623AC3BB-2143-4737-82A4-DA25881E661C}.Debug|Any CPU.Build.0 = Debug|Any CPU
		{623AC3BB-2143-4737-82A4-DA25881E661C}.Release|Any CPU.ActiveCfg = Release|Any CPU
		{623AC3BB-2143-4737-82A4-DA25881E661C}.Release|Any CPU.Build.0 = Release|Any CPU
		{EFCBF875-C91C-4DA4-B093-5FABA1B85F66}.Debug|Any CPU.ActiveCfg = Debug
		{EFCBF875-C91C-4DA4-B093-5FABA1B85F66}.Release|Any CPU.ActiveCfg = Release
	EndGlobalSection
	GlobalSection(SolutionProperties) = preSolution
		HideSolutionNode = FALSE
	EndGlobalSection
	GlobalSection(ExtensibilityGlobals) = postSolution
		SolutionGuid = {97672B6B-36F1-42EF-BF56-A3B1944B60D4}
	EndGlobalSection
EndGlobal
